github.com/ebitengine/purego v0.8.0 h1:JbqvnEzRvPpxhCJzJJ2y0RbiZ8nyjccVUrSM3q+GvvE=
github.com/ebitengine/purego v0.8.0/go.mod h1:iIjxzd6CiRiOG0UyXP+V1+jWqUXVjPKLAI0mRfJZTmQ=
github.com/jupiterrider/ffi v0.2.0 h1:tMM70PexgYNmV+WyaYhJgCvQAvtTCs3wXeILPutihnA=
github.com/jupiterrider/ffi v0.2.0/go.mod h1:yqYqX5DdEccAsHeMn+6owkoI2llBLySVAF8dwCDZPVs=
